// !$*UTF8*$!
{
	archiveVersion = 1;
	classes = {
	};
	objectVersion = 55;
	objects = {

/* Begin PBXBuildFile section */
		7CC8CF332809123000CA9789 /* PaleoApp.swift in Sources */ = {isa = PBXBuildFile; fileRef = 7CC8CF322809123000CA9789 /* PaleoApp.swift */; };
		7CC8CF352809123000CA9789 /* ContentView.swift in Sources */ = {isa = PBXBuildFile; fileRef = 7CC8CF342809123000CA9789 /* ContentView.swift */; };
		7CC8CF372809123700CA9789 /* Assets.xcassets in Resources */ = {isa = PBXBuildFile; fileRef = 7CC8CF362809123700CA9789 /* Assets.xcassets */; };
		7CC8CF3A2809123700CA9789 /* Preview Assets.xcassets in Resources */ = {isa = PBXBuildFile; fileRef = 7CC8CF392809123700CA9789 /* Preview Assets.xcassets */; };
		7CC8CF442809123700CA9789 /* PaleoTests.swift in Sources */ = {isa = PBXBuildFile; fileRef = 7CC8CF432809123700CA9789 /* PaleoTests.swift */; };
		7CC8CF4E2809123700CA9789 /* PaleoUITests.swift in Sources */ = {isa = PBXBuildFile; fileRef = 7CC8CF4D2809123700CA9789 /* PaleoUITests.swift */; };
		7CC8CF502809123700CA9789 /* PaleoUITestsLaunchTests.swift in Sources */ = {isa = PBXBuildFile; fileRef = 7CC8CF4F2809123700CA9789 /* PaleoUITestsLaunchTests.swift */; };
		7CC8CF5F280E863400CA9789 /* ModelData.swift in Sources */ = {isa = PBXBuildFile; fileRef = 7CC8CF5E280E863400CA9789 /* ModelData.swift */; };
		7CC8CF61280E877B00CA9789 /* RecordResponse.swift in Sources */ = {isa = PBXBuildFile; fileRef = 7CC8CF60280E877B00CA9789 /* RecordResponse.swift */; };
		7CD5716D281D4DE1004E1142 /* MapView.swift in Sources */ = {isa = PBXBuildFile; fileRef = 7CD5716C281D4DE1004E1142 /* MapView.swift */; };
		7CD57171281E6805004E1142 /* MapViewModel.swift in Sources */ = {isa = PBXBuildFile; fileRef = 7CD57170281E6805004E1142 /* MapViewModel.swift */; };
/* End PBXBuildFile section */

/* Begin PBXContainerItemProxy section */
		7CC8CF402809123700CA9789 /* PBXContainerItemProxy */ = {
			isa = PBXContainerItemProxy;
			containerPortal = 7CC8CF272809123000CA9789 /* Project object */;
			proxyType = 1;
			remoteGlobalIDString = 7CC8CF2E2809123000CA9789;
			remoteInfo = Paleo;
		};
		7CC8CF4A2809123700CA9789 /* PBXContainerItemProxy */ = {
			isa = PBXContainerItemProxy;
			containerPortal = 7CC8CF272809123000CA9789 /* Project object */;
			proxyType = 1;
			remoteGlobalIDString = 7CC8CF2E2809123000CA9789;
			remoteInfo = Paleo;
		};
/* End PBXContainerItemProxy section */

/* Begin PBXFileReference section */
		7CC8CF2F2809123000CA9789 /* Paleo.app */ = {isa = PBXFileReference; explicitFileType = wrapper.application; includeInIndex = 0; path = Paleo.app; sourceTree = BUILT_PRODUCTS_DIR; };
		7CC8CF322809123000CA9789 /* PaleoApp.swift */ = {isa = PBXFileReference; lastKnownFileType = sourcecode.swift; path = PaleoApp.swift; sourceTree = "<group>"; };
		7CC8CF342809123000CA9789 /* ContentView.swift */ = {isa = PBXFileReference; lastKnownFileType = sourcecode.swift; path = ContentView.swift; sourceTree = "<group>"; };
		7CC8CF362809123700CA9789 /* Assets.xcassets */ = {isa = PBXFileReference; lastKnownFileType = folder.assetcatalog; path = Assets.xcassets; sourceTree = "<group>"; };
		7CC8CF392809123700CA9789 /* Preview Assets.xcassets */ = {isa = PBXFileReference; lastKnownFileType = folder.assetcatalog; path = "Preview Assets.xcassets"; sourceTree = "<group>"; };
		7CC8CF3F2809123700CA9789 /* PaleoTests.xctest */ = {isa = PBXFileReference; explicitFileType = wrapper.cfbundle; includeInIndex = 0; path = PaleoTests.xctest; sourceTree = BUILT_PRODUCTS_DIR; };
		7CC8CF432809123700CA9789 /* PaleoTests.swift */ = {isa = PBXFileReference; lastKnownFileType = sourcecode.swift; path = PaleoTests.swift; sourceTree = "<group>"; };
		7CC8CF492809123700CA9789 /* PaleoUITests.xctest */ = {isa = PBXFileReference; explicitFileType = wrapper.cfbundle; includeInIndex = 0; path = PaleoUITests.xctest; sourceTree = BUILT_PRODUCTS_DIR; };
		7CC8CF4D2809123700CA9789 /* PaleoUITests.swift */ = {isa = PBXFileReference; lastKnownFileType = sourcecode.swift; path = PaleoUITests.swift; sourceTree = "<group>"; };
		7CC8CF4F2809123700CA9789 /* PaleoUITestsLaunchTests.swift */ = {isa = PBXFileReference; lastKnownFileType = sourcecode.swift; path = PaleoUITestsLaunchTests.swift; sourceTree = "<group>"; };
		7CC8CF5E280E863400CA9789 /* ModelData.swift */ = {isa = PBXFileReference; lastKnownFileType = sourcecode.swift; path = ModelData.swift; sourceTree = "<group>"; };
		7CC8CF60280E877B00CA9789 /* RecordResponse.swift */ = {isa = PBXFileReference; lastKnownFileType = sourcecode.swift; path = RecordResponse.swift; sourceTree = "<group>"; };
		7CD5716C281D4DE1004E1142 /* MapView.swift */ = {isa = PBXFileReference; lastKnownFileType = sourcecode.swift; path = MapView.swift; sourceTree = "<group>"; };
		7CD57170281E6805004E1142 /* MapViewModel.swift */ = {isa = PBXFileReference; lastKnownFileType = sourcecode.swift; path = MapViewModel.swift; sourceTree = "<group>"; };
/* End PBXFileReference section */

/* Begin PBXFrameworksBuildPhase section */
		7CC8CF2C2809123000CA9789 /* Frameworks */ = {
			isa = PBXFrameworksBuildPhase;
			buildActionMask = 2147483647;
			files = (
			);
			runOnlyForDeploymentPostprocessing = 0;
		};
		7CC8CF3C2809123700CA9789 /* Frameworks */ = {
			isa = PBXFrameworksBuildPhase;
			buildActionMask = 2147483647;
			files = (
			);
			runOnlyForDeploymentPostprocessing = 0;
		};
		7CC8CF462809123700CA9789 /* Frameworks */ = {
			isa = PBXFrameworksBuildPhase;
			buildActionMask = 2147483647;
			files = (
			);
			runOnlyForDeploymentPostprocessing = 0;
		};
/* End PBXFrameworksBuildPhase section */

/* Begin PBXGroup section */
		7CC8CF262809123000CA9789 = {
			isa = PBXGroup;
			children = (
				7CC8CF312809123000CA9789 /* Paleo */,
				7CC8CF422809123700CA9789 /* PaleoTests */,
				7CC8CF4C2809123700CA9789 /* PaleoUITests */,
				7CC8CF302809123000CA9789 /* Products */,
			);
			sourceTree = "<group>";
		};
		7CC8CF302809123000CA9789 /* Products */ = {
			isa = PBXGroup;
			children = (
				7CC8CF2F2809123000CA9789 /* Paleo.app */,
				7CC8CF3F2809123700CA9789 /* PaleoTests.xctest */,
				7CC8CF492809123700CA9789 /* PaleoUITests.xctest */,
			);
			name = Products;
			sourceTree = "<group>";
		};
		7CC8CF312809123000CA9789 /* Paleo */ = {
			isa = PBXGroup;
			children = (
				7CC8CF322809123000CA9789 /* PaleoApp.swift */,
				7CC8CF5C2809128A00CA9789 /* Views */,
				7CD5716B281D4DBD004E1142 /* Helpers */,
				7CC8CF5D280E85D100CA9789 /* Model */,
				7CC8CF362809123700CA9789 /* Assets.xcassets */,
				7CC8CF382809123700CA9789 /* Preview Content */,
			);
			path = Paleo;
			sourceTree = "<group>";
		};
		7CC8CF382809123700CA9789 /* Preview Content */ = {
			isa = PBXGroup;
			children = (
				7CC8CF392809123700CA9789 /* Preview Assets.xcassets */,
			);
			path = "Preview Content";
			sourceTree = "<group>";
		};
		7CC8CF422809123700CA9789 /* PaleoTests */ = {
			isa = PBXGroup;
			children = (
				7CC8CF432809123700CA9789 /* PaleoTests.swift */,
			);
			path = PaleoTests;
			sourceTree = "<group>";
		};
		7CC8CF4C2809123700CA9789 /* PaleoUITests */ = {
			isa = PBXGroup;
			children = (
				7CC8CF4D2809123700CA9789 /* PaleoUITests.swift */,
				7CC8CF4F2809123700CA9789 /* PaleoUITestsLaunchTests.swift */,
			);
			path = PaleoUITests;
			sourceTree = "<group>";
		};
		7CC8CF5C2809128A00CA9789 /* Views */ = {
			isa = PBXGroup;
			children = (
				7CC8CF342809123000CA9789 /* ContentView.swift */,
			);
			path = Views;
			sourceTree = "<group>";
		};
		7CC8CF5D280E85D100CA9789 /* Model */ = {
			isa = PBXGroup;
			children = (
				7CC8CF5E280E863400CA9789 /* ModelData.swift */,
				7CC8CF60280E877B00CA9789 /* RecordResponse.swift */,
				7CD57170281E6805004E1142 /* MapViewModel.swift */,
			);
			path = Model;
			sourceTree = "<group>";
		};
		7CD5716B281D4DBD004E1142 /* Helpers */ = {
			isa = PBXGroup;
			children = (
				7CD5716C281D4DE1004E1142 /* MapView.swift */,
			);
			path = Helpers;
			sourceTree = "<group>";
		};
/* End PBXGroup section */

/* Begin PBXNativeTarget section */
		7CC8CF2E2809123000CA9789 /* Paleo */ = {
			isa = PBXNativeTarget;
			buildConfigurationList = 7CC8CF532809123700CA9789 /* Build configuration list for PBXNativeTarget "Paleo" */;
			buildPhases = (
				7CC8CF2B2809123000CA9789 /* Sources */,
				7CC8CF2C2809123000CA9789 /* Frameworks */,
				7CC8CF2D2809123000CA9789 /* Resources */,
			);
			buildRules = (
			);
			dependencies = (
			);
			name = Paleo;
			productName = Paleo;
			productReference = 7CC8CF2F2809123000CA9789 /* Paleo.app */;
			productType = "com.apple.product-type.application";
		};
		7CC8CF3E2809123700CA9789 /* PaleoTests */ = {
			isa = PBXNativeTarget;
			buildConfigurationList = 7CC8CF562809123700CA9789 /* Build configuration list for PBXNativeTarget "PaleoTests" */;
			buildPhases = (
				7CC8CF3B2809123700CA9789 /* Sources */,
				7CC8CF3C2809123700CA9789 /* Frameworks */,
				7CC8CF3D2809123700CA9789 /* Resources */,
			);
			buildRules = (
			);
			dependencies = (
				7CC8CF412809123700CA9789 /* PBXTargetDependency */,
			);
			name = PaleoTests;
			productName = PaleoTests;
			productReference = 7CC8CF3F2809123700CA9789 /* PaleoTests.xctest */;
			productType = "com.apple.product-type.bundle.unit-test";
		};
		7CC8CF482809123700CA9789 /* PaleoUITests */ = {
			isa = PBXNativeTarget;
			buildConfigurationList = 7CC8CF592809123700CA9789 /* Build configuration list for PBXNativeTarget "PaleoUITests" */;
			buildPhases = (
				7CC8CF452809123700CA9789 /* Sources */,
				7CC8CF462809123700CA9789 /* Frameworks */,
				7CC8CF472809123700CA9789 /* Resources */,
			);
			buildRules = (
			);
			dependencies = (
				7CC8CF4B2809123700CA9789 /* PBXTargetDependency */,
			);
			name = PaleoUITests;
			productName = PaleoUITests;
			productReference = 7CC8CF492809123700CA9789 /* PaleoUITests.xctest */;
			productType = "com.apple.product-type.bundle.ui-testing";
		};
/* End PBXNativeTarget section */

/* Begin PBXProject section */
		7CC8CF272809123000CA9789 /* Project object */ = {
			isa = PBXProject;
			attributes = {
				BuildIndependentTargetsInParallel = 1;
				LastSwiftUpdateCheck = 1320;
				LastUpgradeCheck = 1320;
				TargetAttributes = {
					7CC8CF2E2809123000CA9789 = {
						CreatedOnToolsVersion = 13.2.1;
					};
					7CC8CF3E2809123700CA9789 = {
						CreatedOnToolsVersion = 13.2.1;
						TestTargetID = 7CC8CF2E2809123000CA9789;
					};
					7CC8CF482809123700CA9789 = {
						CreatedOnToolsVersion = 13.2.1;
						TestTargetID = 7CC8CF2E2809123000CA9789;
					};
				};
			};
			buildConfigurationList = 7CC8CF2A2809123000CA9789 /* Build configuration list for PBXProject "Paleo" */;
			compatibilityVersion = "Xcode 13.0";
			developmentRegion = en;
			hasScannedForEncodings = 0;
			knownRegions = (
				en,
				Base,
			);
			mainGroup = 7CC8CF262809123000CA9789;
			productRefGroup = 7CC8CF302809123000CA9789 /* Products */;
			projectDirPath = "";
			projectRoot = "";
			targets = (
				7CC8CF2E2809123000CA9789 /* Paleo */,
				7CC8CF3E2809123700CA9789 /* PaleoTests */,
				7CC8CF482809123700CA9789 /* PaleoUITests */,
			);
		};
/* End PBXProject section */

/* Begin PBXResourcesBuildPhase section */
		7CC8CF2D2809123000CA9789 /* Resources */ = {
			isa = PBXResourcesBuildPhase;
			buildActionMask = 2147483647;
			files = (
				7CC8CF3A2809123700CA9789 /* Preview Assets.xcassets in Resources */,
				7CC8CF372809123700CA9789 /* Assets.xcassets in Resources */,
			);
			runOnlyForDeploymentPostprocessing = 0;
		};
		7CC8CF3D2809123700CA9789 /* Resources */ = {
			isa = PBXResourcesBuildPhase;
			buildActionMask = 2147483647;
			files = (
			);
			runOnlyForDeploymentPostprocessing = 0;
		};
		7CC8CF472809123700CA9789 /* Resources */ = {
			isa = PBXResourcesBuildPhase;
			buildActionMask = 2147483647;
			files = (
			);
			runOnlyForDeploymentPostprocessing = 0;
		};
/* End PBXResourcesBuildPhase section */

/* Begin PBXSourcesBuildPhase section */
		7CC8CF2B2809123000CA9789 /* Sources */ = {
			isa = PBXSourcesBuildPhase;
			buildActionMask = 2147483647;
			files = (
				7CC8CF352809123000CA9789 /* ContentView.swift in Sources */,
				7CC8CF332809123000CA9789 /* PaleoApp.swift in Sources */,
				7CD5716D281D4DE1004E1142 /* MapView.swift in Sources */,
				7CC8CF61280E877B00CA9789 /* RecordResponse.swift in Sources */,
				7CC8CF5F280E863400CA9789 /* ModelData.swift in Sources */,
				7CD57171281E6805004E1142 /* MapViewModel.swift in Sources */,
			);
			runOnlyForDeploymentPostprocessing = 0;
		};
		7CC8CF3B2809123700CA9789 /* Sources */ = {
			isa = PBXSourcesBuildPhase;
			buildActionMask = 2147483647;
			files = (
				7CC8CF442809123700CA9789 /* PaleoTests.swift in Sources */,
			);
			runOnlyForDeploymentPostprocessing = 0;
		};
		7CC8CF452809123700CA9789 /* Sources */ = {
			isa = PBXSourcesBuildPhase;
			buildActionMask = 2147483647;
			files = (
				7CC8CF502809123700CA9789 /* PaleoUITestsLaunchTests.swift in Sources */,
				7CC8CF4E2809123700CA9789 /* PaleoUITests.swift in Sources */,
			);
			runOnlyForDeploymentPostprocessing = 0;
		};
/* End PBXSourcesBuildPhase section */

/* Begin PBXTargetDependency section */
		7CC8CF412809123700CA9789 /* PBXTargetDependency */ = {
			isa = PBXTargetDependency;
			target = 7CC8CF2E2809123000CA9789 /* Paleo */;
			targetProxy = 7CC8CF402809123700CA9789 /* PBXContainerItemProxy */;
		};
		7CC8CF4B2809123700CA9789 /* PBXTargetDependency */ = {
			isa = PBXTargetDependency;
			target = 7CC8CF2E2809123000CA9789 /* Paleo */;
			targetProxy = 7CC8CF4A2809123700CA9789 /* PBXContainerItemProxy */;
		};
/* End PBXTargetDependency section */

/* Begin XCBuildConfiguration section */
		7CC8CF512809123700CA9789 /* Debug */ = {
			isa = XCBuildConfiguration;
			buildSettings = {
				ALWAYS_SEARCH_USER_PATHS = NO;
				CLANG_ANALYZER_NONNULL = YES;
				CLANG_ANALYZER_NUMBER_OBJECT_CONVERSION = YES_AGGRESSIVE;
				CLANG_CXX_LANGUAGE_STANDARD = "gnu++17";
				CLANG_CXX_LIBRARY = "libc++";
				CLANG_ENABLE_MODULES = YES;
				CLANG_ENABLE_OBJC_ARC = YES;
				CLANG_ENABLE_OBJC_WEAK = YES;
				CLANG_WARN_BLOCK_CAPTURE_AUTORELEASING = YES;
				CLANG_WARN_BOOL_CONVERSION = YES;
				CLANG_WARN_COMMA = YES;
				CLANG_WARN_CONSTANT_CONVERSION = YES;
				CLANG_WARN_DEPRECATED_OBJC_IMPLEMENTATIONS = YES;
				CLANG_WARN_DIRECT_OBJC_ISA_USAGE = YES_ERROR;
				CLANG_WARN_DOCUMENTATION_COMMENTS = YES;
				CLANG_WARN_EMPTY_BODY = YES;
				CLANG_WARN_ENUM_CONVERSION = YES;
				CLANG_WARN_INFINITE_RECURSION = YES;
				CLANG_WARN_INT_CONVERSION = YES;
				CLANG_WARN_NON_LITERAL_NULL_CONVERSION = YES;
				CLANG_WARN_OBJC_IMPLICIT_RETAIN_SELF = YES;
				CLANG_WARN_OBJC_LITERAL_CONVERSION = YES;
				CLANG_WARN_OBJC_ROOT_CLASS = YES_ERROR;
				CLANG_WARN_QUOTED_INCLUDE_IN_FRAMEWORK_HEADER = YES;
				CLANG_WARN_RANGE_LOOP_ANALYSIS = YES;
				CLANG_WARN_STRICT_PROTOTYPES = YES;
				CLANG_WARN_SUSPICIOUS_MOVE = YES;
				CLANG_WARN_UNGUARDED_AVAILABILITY = YES_AGGRESSIVE;
				CLANG_WARN_UNREACHABLE_CODE = YES;
				CLANG_WARN__DUPLICATE_METHOD_MATCH = YES;
				COPY_PHASE_STRIP = NO;
				DEBUG_INFORMATION_FORMAT = dwarf;
				ENABLE_STRICT_OBJC_MSGSEND = YES;
				ENABLE_TESTABILITY = YES;
				GCC_C_LANGUAGE_STANDARD = gnu11;
				GCC_DYNAMIC_NO_PIC = NO;
				GCC_NO_COMMON_BLOCKS = YES;
				GCC_OPTIMIZATION_LEVEL = 0;
				GCC_PREPROCESSOR_DEFINITIONS = (
					"DEBUG=1",
					"$(inherited)",
				);
				GCC_WARN_64_TO_32_BIT_CONVERSION = YES;
				GCC_WARN_ABOUT_RETURN_TYPE = YES_ERROR;
				GCC_WARN_UNDECLARED_SELECTOR = YES;
				GCC_WARN_UNINITIALIZED_AUTOS = YES_AGGRESSIVE;
				GCC_WARN_UNUSED_FUNCTION = YES;
				GCC_WARN_UNUSED_VARIABLE = YES;
				IPHONEOS_DEPLOYMENT_TARGET = 15.2;
				MTL_ENABLE_DEBUG_INFO = INCLUDE_SOURCE;
				MTL_FAST_MATH = YES;
				ONLY_ACTIVE_ARCH = YES;
				SDKROOT = iphoneos;
				SWIFT_ACTIVE_COMPILATION_CONDITIONS = DEBUG;
				SWIFT_OPTIMIZATION_LEVEL = "-Onone";
			};
			name = Debug;
		};
		7CC8CF522809123700CA9789 /* Release */ = {
			isa = XCBuildConfiguration;
			buildSettings = {
				ALWAYS_SEARCH_USER_PATHS = NO;
				CLANG_ANALYZER_NONNULL = YES;
				CLANG_ANALYZER_NUMBER_OBJECT_CONVERSION = YES_AGGRESSIVE;
				CLANG_CXX_LANGUAGE_STANDARD = "gnu++17";
				CLANG_CXX_LIBRARY = "libc++";
				CLANG_ENABLE_MODULES = YES;
				CLANG_ENABLE_OBJC_ARC = YES;
				CLANG_ENABLE_OBJC_WEAK = YES;
				CLANG_WARN_BLOCK_CAPTURE_AUTORELEASING = YES;
				CLANG_WARN_BOOL_CONVERSION = YES;
				CLANG_WARN_COMMA = YES;
				CLANG_WARN_CONSTANT_CONVERSION = YES;
				CLANG_WARN_DEPRECATED_OBJC_IMPLEMENTATIONS = YES;
				CLANG_WARN_DIRECT_OBJC_ISA_USAGE = YES_ERROR;
				CLANG_WARN_DOCUMENTATION_COMMENTS = YES;
				CLANG_WARN_EMPTY_BODY = YES;
				CLANG_WARN_ENUM_CONVERSION = YES;
				CLANG_WARN_INFINITE_RECURSION = YES;
				CLANG_WARN_INT_CONVERSION = YES;
				CLANG_WARN_NON_LITERAL_NULL_CONVERSION = YES;
				CLANG_WARN_OBJC_IMPLICIT_RETAIN_SELF = YES;
				CLANG_WARN_OBJC_LITERAL_CONVERSION = YES;
				CLANG_WARN_OBJC_ROOT_CLASS = YES_ERROR;
				CLANG_WARN_QUOTED_INCLUDE_IN_FRAMEWORK_HEADER = YES;
				CLANG_WARN_RANGE_LOOP_ANALYSIS = YES;
				CLANG_WARN_STRICT_PROTOTYPES = YES;
				CLANG_WARN_SUSPICIOUS_MOVE = YES;
				CLANG_WARN_UNGUARDED_AVAILABILITY = YES_AGGRESSIVE;
				CLANG_WARN_UNREACHABLE_CODE = YES;
				CLANG_WARN__DUPLICATE_METHOD_MATCH = YES;
				COPY_PHASE_STRIP = NO;
				DEBUG_INFORMATION_FORMAT = "dwarf-with-dsym";
				ENABLE_NS_ASSERTIONS = NO;
				ENABLE_STRICT_OBJC_MSGSEND = YES;
				GCC_C_LANGUAGE_STANDARD = gnu11;
				GCC_NO_COMMON_BLOCKS = YES;
				GCC_WARN_64_TO_32_BIT_CONVERSION = YES;
				GCC_WARN_ABOUT_RETURN_TYPE = YES_ERROR;
				GCC_WARN_UNDECLARED_SELECTOR = YES;
				GCC_WARN_UNINITIALIZED_AUTOS = YES_AGGRESSIVE;
				GCC_WARN_UNUSED_FUNCTION = YES;
				GCC_WARN_UNUSED_VARIABLE = YES;
				IPHONEOS_DEPLOYMENT_TARGET = 15.2;
				MTL_ENABLE_DEBUG_INFO = NO;
				MTL_FAST_MATH = YES;
				SDKROOT = iphoneos;
				SWIFT_COMPILATION_MODE = wholemodule;
				SWIFT_OPTIMIZATION_LEVEL = "-O";
				VALIDATE_PRODUCT = YES;
			};
			name = Release;
		};
		7CC8CF542809123700CA9789 /* Debug */ = {
			isa = XCBuildConfiguration;
			buildSettings = {
				ASSETCATALOG_COMPILER_APPICON_NAME = AppIcon;
				ASSETCATALOG_COMPILER_GLOBAL_ACCENT_COLOR_NAME = AccentColor;
				CODE_SIGN_STYLE = Automatic;
				CURRENT_PROJECT_VERSION = 1;
				DEVELOPMENT_ASSET_PATHS = "\"Paleo/Preview Content\"";
				DEVELOPMENT_TEAM = 8K2MUTPRQQ;
				ENABLE_PREVIEWS = YES;
				GENERATE_INFOPLIST_FILE = YES;
				INFOPLIST_KEY_NSLocationWhenInUseUsageDescription = "This app needs your location to show it on the map.";
				INFOPLIST_KEY_UIApplicationSceneManifest_Generation = YES;
				INFOPLIST_KEY_UIApplicationSupportsIndirectInputEvents = YES;
				INFOPLIST_KEY_UILaunchScreen_Generation = YES;
				INFOPLIST_KEY_UISupportedInterfaceOrientations_iPad = "UIInterfaceOrientationPortrait UIInterfaceOrientationPortraitUpsideDown UIInterfaceOrientationLandscapeLeft UIInterfaceOrientationLandscapeRight";
				INFOPLIST_KEY_UISupportedInterfaceOrientations_iPhone = "UIInterfaceOrientationPortrait UIInterfaceOrientationLandscapeLeft UIInterfaceOrientationLandscapeRight";
				LD_RUNPATH_SEARCH_PATHS = (
					"$(inherited)",
					"@executable_path/Frameworks",
				);
				MARKETING_VERSION = 1.0;
				PRODUCT_BUNDLE_IDENTIFIER = "com.example-apple-samplecode.Paleo";
				PRODUCT_NAME = "$(TARGET_NAME)";
				SWIFT_EMIT_LOC_STRINGS = YES;
				SWIFT_VERSION = 5.0;
				TARGETED_DEVICE_FAMILY = "1,2";
			};
			name = Debug;
		};
		7CC8CF552809123700CA9789 /* Release */ = {
			isa = XCBuildConfiguration;
			buildSettings = {
				ASSETCATALOG_COMPILER_APPICON_NAME = AppIcon;
				ASSETCATALOG_COMPILER_GLOBAL_ACCENT_COLOR_NAME = AccentColor;
				CODE_SIGN_STYLE = Automatic;
				CURRENT_PROJECT_VERSION = 1;
				DEVELOPMENT_ASSET_PATHS = "\"Paleo/Preview Content\"";
				DEVELOPMENT_TEAM = 8K2MUTPRQQ;
				ENABLE_PREVIEWS = YES;
				GENERATE_INFOPLIST_FILE = YES;
				INFOPLIST_KEY_NSLocationWhenInUseUsageDescription = "This app needs your location to show it on the map.";
				INFOPLIST_KEY_UIApplicationSceneManifest_Generation = YES;
				INFOPLIST_KEY_UIApplicationSupportsIndirectInputEvents = YES;
				INFOPLIST_KEY_UILaunchScreen_Generation = YES;
				INFOPLIST_KEY_UISupportedInterfaceOrientations_iPad = "UIInterfaceOrientationPortrait UIInterfaceOrientationPortraitUpsideDown UIInterfaceOrientationLandscapeLeft UIInterfaceOrientationLandscapeRight";
				INFOPLIST_KEY_UISupportedInterfaceOrientations_iPhone = "UIInterfaceOrientationPortrait UIInterfaceOrientationLandscapeLeft UIInterfaceOrientationLandscapeRight";
				LD_RUNPATH_SEARCH_PATHS = (
					"$(inherited)",
					"@executable_path/Frameworks",
				);
				MARKETING_VERSION = 1.0;
				PRODUCT_BUNDLE_IDENTIFIER = "com.example-apple-samplecode.Paleo";
				PRODUCT_NAME = "$(TARGET_NAME)";
				SWIFT_EMIT_LOC_STRINGS = YES;
				SWIFT_VERSION = 5.0;
				TARGETED_DEVICE_FAMILY = "1,2";
			};
			name = Release;
		};
		7CC8CF572809123700CA9789 /* Debug */ = {
			isa = XCBuildConfiguration;
			buildSettings = {
				ALWAYS_EMBED_SWIFT_STANDARD_LIBRARIES = YES;
				BUNDLE_LOADER = "$(TEST_HOST)";
				CODE_SIGN_STYLE = Automatic;
				CURRENT_PROJECT_VERSION = 1;
				GENERATE_INFOPLIST_FILE = YES;
				IPHONEOS_DEPLOYMENT_TARGET = 15.2;
				MARKETING_VERSION = 1.0;
				PRODUCT_BUNDLE_IDENTIFIER = "com.example-apple-samplecode.PaleoTests";
				PRODUCT_NAME = "$(TARGET_NAME)";
				SWIFT_EMIT_LOC_STRINGS = NO;
				SWIFT_VERSION = 5.0;
				TARGETED_DEVICE_FAMILY = "1,2";
				TEST_HOST = "$(BUILT_PRODUCTS_DIR)/Paleo.app/Paleo";
			};
			name = Debug;
		};
		7CC8CF582809123700CA9789 /* Release */ = {
			isa = XCBuildConfiguration;
			buildSettings = {
				ALWAYS_EMBED_SWIFT_STANDARD_LIBRARIES = YES;
				BUNDLE_LOADER = "$(TEST_HOST)";
				CODE_SIGN_STYLE = Automatic;
				CURRENT_PROJECT_VERSION = 1;
				GENERATE_INFOPLIST_FILE = YES;
				IPHONEOS_DEPLOYMENT_TARGET = 15.2;
				MARKETING_VERSION = 1.0;
				PRODUCT_BUNDLE_IDENTIFIER = "com.example-apple-samplecode.PaleoTests";
				PRODUCT_NAME = "$(TARGET_NAME)";
				SWIFT_EMIT_LOC_STRINGS = NO;
				SWIFT_VERSION = 5.0;
				TARGETED_DEVICE_FAMILY = "1,2";
				TEST_HOST = "$(BUILT_PRODUCTS_DIR)/Paleo.app/Paleo";
			};
			name = Release;
		};
		7CC8CF5A2809123700CA9789 /* Debug */ = {
			isa = XCBuildConfiguration;
			buildSettings = {
				ALWAYS_EMBED_SWIFT_STANDARD_LIBRARIES = YES;
				CODE_SIGN_STYLE = Automatic;
				CURRENT_PROJECT_VERSION = 1;
				GENERATE_INFOPLIST_FILE = YES;
				MARKETING_VERSION = 1.0;
				PRODUCT_BUNDLE_IDENTIFIER = "com.example-apple-samplecode.PaleoUITests";
				PRODUCT_NAME = "$(TARGET_NAME)";
				SWIFT_EMIT_LOC_STRINGS = NO;
				SWIFT_VERSION = 5.0;
				TARGETED_DEVICE_FAMILY = "1,2";
				TEST_TARGET_NAME = Paleo;
			};
			name = Debug;
		};
		7CC8CF5B2809123700CA9789 /* Release */ = {
			isa = XCBuildConfiguration;
			buildSettings = {
				ALWAYS_EMBED_SWIFT_STANDARD_LIBRARIES = YES;
				CODE_SIGN_STYLE = Automatic;
				CURRENT_PROJECT_VERSION = 1;
				GENERATE_INFOPLIST_FILE = YES;
				MARKETING_VERSION = 1.0;
				PRODUCT_BUNDLE_IDENTIFIER = "com.example-apple-samplecode.PaleoUITests";
				PRODUCT_NAME = "$(TARGET_NAME)";
				SWIFT_EMIT_LOC_STRINGS = NO;
				SWIFT_VERSION = 5.0;
				TARGETED_DEVICE_FAMILY = "1,2";
				TEST_TARGET_NAME = Paleo;
			};
			name = Release;
		};
/* End XCBuildConfiguration section */

/* Begin XCConfigurationList section */
		7CC8CF2A2809123000CA9789 /* Build configuration list for PBXProject "Paleo" */ = {
			isa = XCConfigurationList;
			buildConfigurations = (
				7CC8CF512809123700CA9789 /* Debug */,
				7CC8CF522809123700CA9789 /* Release */,
			);
			defaultConfigurationIsVisible = 0;
			defaultConfigurationName = Release;
		};
		7CC8CF532809123700CA9789 /* Build configuration list for PBXNativeTarget "Paleo" */ = {
			isa = XCConfigurationList;
			buildConfigurations = (
				7CC8CF542809123700CA9789 /* Debug */,
				7CC8CF552809123700CA9789 /* Release */,
			);
			defaultConfigurationIsVisible = 0;
			defaultConfigurationName = Release;
		};
		7CC8CF562809123700CA9789 /* Build configuration list for PBXNativeTarget "PaleoTests" */ = {
			isa = XCConfigurationList;
			buildConfigurations = (
				7CC8CF572809123700CA9789 /* Debug */,
				7CC8CF582809123700CA9789 /* Release */,
			);
			defaultConfigurationIsVisible = 0;
			defaultConfigurationName = Release;
		};
		7CC8CF592809123700CA9789 /* Build configuration list for PBXNativeTarget "PaleoUITests" */ = {
			isa = XCConfigurationList;
			buildConfigurations = (
				7CC8CF5A2809123700CA9789 /* Debug */,
				7CC8CF5B2809123700CA9789 /* Release */,
			);
			defaultConfigurationIsVisible = 0;
			defaultConfigurationName = Release;
		};
/* End XCConfigurationList section */
	};
	rootObject = 7CC8CF272809123000CA9789 /* Project object */;
}
